// !$*UTF8*$!
{
	archiveVersion = 1;
	classes = {
	};
	objectVersion = 46;
	objects = {

/* Begin PBXBuildFile section */
		A2FE4F7919C02EC100A743F0 /* AppDelegate.swift in Sources */ = {isa = PBXBuildFile; fileRef = A2FE4F7819C02EC100A743F0 /* AppDelegate.swift */; };
		A2FE4F7B19C02EC100A743F0 /* ViewController.swift in Sources */ = {isa = PBXBuildFile; fileRef = A2FE4F7A19C02EC100A743F0 /* ViewController.swift */; };
		A2FE4F7E19C02EC100A743F0 /* Main.storyboard in Resources */ = {isa = PBXBuildFile; fileRef = A2FE4F7C19C02EC100A743F0 /* Main.storyboard */; };
		A2FE4F8019C02EC100A743F0 /* Images.xcassets in Resources */ = {isa = PBXBuildFile; fileRef = A2FE4F7F19C02EC100A743F0 /* Images.xcassets */; };
		A2FE4F8319C02EC100A743F0 /* LaunchScreen.xib in Resources */ = {isa = PBXBuildFile; fileRef = A2FE4F8119C02EC100A743F0 /* LaunchScreen.xib */; };
		A2FE4F8F19C02EC100A743F0 /* VarExTests.swift in Sources */ = {isa = PBXBuildFile; fileRef = A2FE4F8E19C02EC100A743F0 /* VarExTests.swift */; };
		A2FE4F9919C02EE200A743F0 /* VarEx.swift in Sources */ = {isa = PBXBuildFile; fileRef = A2FE4F9819C02EE200A743F0 /* VarEx.swift */; };
/* End PBXBuildFile section */

/* Begin PBXContainerItemProxy section */
		A2FE4F8919C02EC100A743F0 /* PBXContainerItemProxy */ = {
			isa = PBXContainerItemProxy;
			containerPortal = A2FE4F6B19C02EC100A743F0 /* Project object */;
			proxyType = 1;
			remoteGlobalIDString = A2FE4F7219C02EC100A743F0;
			remoteInfo = VarEx;
		};
/* End PBXContainerItemProxy section */

/* Begin PBXFileReference section */
		A2FE4F7319C02EC100A743F0 /* VarEx.app */ = {isa = PBXFileReference; explicitFileType = wrapper.application; includeInIndex = 0; path = VarEx.app; sourceTree = BUILT_PRODUCTS_DIR; };
		A2FE4F7719C02EC100A743F0 /* Info.plist */ = {isa = PBXFileReference; lastKnownFileType = text.plist.xml; path = Info.plist; sourceTree = "<group>"; };
		A2FE4F7819C02EC100A743F0 /* AppDelegate.swift */ = {isa = PBXFileReference; lastKnownFileType = sourcecode.swift; path = AppDelegate.swift; sourceTree = "<group>"; };
		A2FE4F7A19C02EC100A743F0 /* ViewController.swift */ = {isa = PBXFileReference; lastKnownFileType = sourcecode.swift; path = ViewController.swift; sourceTree = "<group>"; };
		A2FE4F7D19C02EC100A743F0 /* Base */ = {isa = PBXFileReference; lastKnownFileType = file.storyboard; name = Base; path = Base.lproj/Main.storyboard; sourceTree = "<group>"; };
		A2FE4F7F19C02EC100A743F0 /* Images.xcassets */ = {isa = PBXFileReference; lastKnownFileType = folder.assetcatalog; path = Images.xcassets; sourceTree = "<group>"; };
		A2FE4F8219C02EC100A743F0 /* Base */ = {isa = PBXFileReference; lastKnownFileType = file.xib; name = Base; path = Base.lproj/LaunchScreen.xib; sourceTree = "<group>"; };
		A2FE4F8819C02EC100A743F0 /* VarExTests.xctest */ = {isa = PBXFileReference; explicitFileType = wrapper.cfbundle; includeInIndex = 0; path = VarExTests.xctest; sourceTree = BUILT_PRODUCTS_DIR; };
		A2FE4F8D19C02EC100A743F0 /* Info.plist */ = {isa = PBXFileReference; lastKnownFileType = text.plist.xml; path = Info.plist; sourceTree = "<group>"; };
		A2FE4F8E19C02EC100A743F0 /* VarExTests.swift */ = {isa = PBXFileReference; lastKnownFileType = sourcecode.swift; path = VarExTests.swift; sourceTree = "<group>"; };
		A2FE4F9819C02EE200A743F0 /* VarEx.swift */ = {isa = PBXFileReference; fileEncoding = 4; lastKnownFileType = sourcecode.swift; path = VarEx.swift; sourceTree = "<group>"; };
/* End PBXFileReference section */

/* Begin PBXFrameworksBuildPhase section */
		A2FE4F7019C02EC100A743F0 /* Frameworks */ = {
			isa = PBXFrameworksBuildPhase;
			buildActionMask = 2147483647;
			files = (
			);
			runOnlyForDeploymentPostprocessing = 0;
		};
		A2FE4F8519C02EC100A743F0 /* Frameworks */ = {
			isa = PBXFrameworksBuildPhase;
			buildActionMask = 2147483647;
			files = (
			);
			runOnlyForDeploymentPostprocessing = 0;
		};
/* End PBXFrameworksBuildPhase section */

/* Begin PBXGroup section */
		A2FE4F6A19C02EC100A743F0 = {
			isa = PBXGroup;
			children = (
				A2FE4F7519C02EC100A743F0 /* VarEx */,
				A2FE4F8B19C02EC100A743F0 /* VarExTests */,
				A2FE4F7419C02EC100A743F0 /* Products */,
			);
			sourceTree = "<group>";
		};
		A2FE4F7419C02EC100A743F0 /* Products */ = {
			isa = PBXGroup;
			children = (
				A2FE4F7319C02EC100A743F0 /* VarEx.app */,
				A2FE4F8819C02EC100A743F0 /* VarExTests.xctest */,
			);
			name = Products;
			sourceTree = "<group>";
		};
		A2FE4F7519C02EC100A743F0 /* VarEx */ = {
			isa = PBXGroup;
			children = (
				A2FE4F7819C02EC100A743F0 /* AppDelegate.swift */,
				A2FE4F7A19C02EC100A743F0 /* ViewController.swift */,
				A2FE4F9819C02EE200A743F0 /* VarEx.swift */,
				A2FE4F7C19C02EC100A743F0 /* Main.storyboard */,
				A2FE4F7F19C02EC100A743F0 /* Images.xcassets */,
				A2FE4F8119C02EC100A743F0 /* LaunchScreen.xib */,
				A2FE4F7619C02EC100A743F0 /* Supporting Files */,
			);
			path = VarEx;
			sourceTree = "<group>";
		};
		A2FE4F7619C02EC100A743F0 /* Supporting Files */ = {
			isa = PBXGroup;
			children = (
				A2FE4F7719C02EC100A743F0 /* Info.plist */,
			);
			name = "Supporting Files";
			sourceTree = "<group>";
		};
		A2FE4F8B19C02EC100A743F0 /* VarExTests */ = {
			isa = PBXGroup;
			children = (
				A2FE4F8E19C02EC100A743F0 /* VarExTests.swift */,
				A2FE4F8C19C02EC100A743F0 /* Supporting Files */,
			);
			path = VarExTests;
			sourceTree = "<group>";
		};
		A2FE4F8C19C02EC100A743F0 /* Supporting Files */ = {
			isa = PBXGroup;
			children = (
				A2FE4F8D19C02EC100A743F0 /* Info.plist */,
			);
			name = "Supporting Files";
			sourceTree = "<group>";
		};
/* End PBXGroup section */

/* Begin PBXNativeTarget section */
		A2FE4F7219C02EC100A743F0 /* VarEx */ = {
			isa = PBXNativeTarget;
			buildConfigurationList = A2FE4F9219C02EC100A743F0 /* Build configuration list for PBXNativeTarget "VarEx" */;
			buildPhases = (
				A2FE4F6F19C02EC100A743F0 /* Sources */,
				A2FE4F7019C02EC100A743F0 /* Frameworks */,
				A2FE4F7119C02EC100A743F0 /* Resources */,
			);
			buildRules = (
			);
			dependencies = (
			);
			name = VarEx;
			productName = VarEx;
			productReference = A2FE4F7319C02EC100A743F0 /* VarEx.app */;
			productType = "com.apple.product-type.application";
		};
		A2FE4F8719C02EC100A743F0 /* VarExTests */ = {
			isa = PBXNativeTarget;
			buildConfigurationList = A2FE4F9519C02EC100A743F0 /* Build configuration list for PBXNativeTarget "VarExTests" */;
			buildPhases = (
				A2FE4F8419C02EC100A743F0 /* Sources */,
				A2FE4F8519C02EC100A743F0 /* Frameworks */,
				A2FE4F8619C02EC100A743F0 /* Resources */,
			);
			buildRules = (
			);
			dependencies = (
				A2FE4F8A19C02EC100A743F0 /* PBXTargetDependency */,
			);
			name = VarExTests;
			productName = VarExTests;
			productReference = A2FE4F8819C02EC100A743F0 /* VarExTests.xctest */;
			productType = "com.apple.product-type.bundle.unit-test";
		};
/* End PBXNativeTarget section */

/* Begin PBXProject section */
		A2FE4F6B19C02EC100A743F0 /* Project object */ = {
			isa = PBXProject;
			attributes = {
				LastUpgradeCheck = 0600;
				ORGANIZATIONNAME = npaka;
				TargetAttributes = {
					A2FE4F7219C02EC100A743F0 = {
						CreatedOnToolsVersion = 6.0;
					};
					A2FE4F8719C02EC100A743F0 = {
						CreatedOnToolsVersion = 6.0;
						TestTargetID = A2FE4F7219C02EC100A743F0;
					};
				};
			};
			buildConfigurationList = A2FE4F6E19C02EC100A743F0 /* Build configuration list for PBXProject "VarEx" */;
			compatibilityVersion = "Xcode 3.2";
			developmentRegion = English;
			hasScannedForEncodings = 0;
			knownRegions = (
				en,
				Base,
			);
			mainGroup = A2FE4F6A19C02EC100A743F0;
			productRefGroup = A2FE4F7419C02EC100A743F0 /* Products */;
			projectDirPath = "";
			projectRoot = "";
			targets = (
				A2FE4F7219C02EC100A743F0 /* VarEx */,
				A2FE4F8719C02EC100A743F0 /* VarExTests */,
			);
		};
/* End PBXProject section */

/* Begin PBXResourcesBuildPhase section */
		A2FE4F7119C02EC100A743F0 /* Resources */ = {
			isa = PBXResourcesBuildPhase;
			buildActionMask = 2147483647;
			files = (
				A2FE4F7E19C02EC100A743F0 /* Main.storyboard in Resources */,
				A2FE4F8319C02EC100A743F0 /* LaunchScreen.xib in Resources */,
				A2FE4F8019C02EC100A743F0 /* Images.xcassets in Resources */,
			);
			runOnlyForDeploymentPostprocessing = 0;
		};
		A2FE4F8619C02EC100A743F0 /* Resources */ = {
			isa = PBXResourcesBuildPhase;
			buildActionMask = 2147483647;
			files = (
			);
			runOnlyForDeploymentPostprocessing = 0;
		};
/* End PBXResourcesBuildPhase section */

/* Begin PBXSourcesBuildPhase section */
		A2FE4F6F19C02EC100A743F0 /* Sources */ = {
			isa = PBXSourcesBuildPhase;
			buildActionMask = 2147483647;
			files = (
				A2FE4F7B19C02EC100A743F0 /* ViewController.swift in Sources */,
				A2FE4F9919C02EE200A743F0 /* VarEx.swift in Sources */,
				A2FE4F7919C02EC100A743F0 /* AppDelegate.swift in Sources */,
			);
			runOnlyForDeploymentPostprocessing = 0;
		};
		A2FE4F8419C02EC100A743F0 /* Sources */ = {
			isa = PBXSourcesBuildPhase;
			buildActionMask = 2147483647;
			files = (
				A2FE4F8F19C02EC100A743F0 /* VarExTests.swift in Sources */,
			);
			runOnlyForDeploymentPostprocessing = 0;
		};
/* End PBXSourcesBuildPhase section */

/* Begin PBXTargetDependency section */
		A2FE4F8A19C02EC100A743F0 /* PBXTargetDependency */ = {
			isa = PBXTargetDependency;
			target = A2FE4F7219C02EC100A743F0 /* VarEx */;
			targetProxy = A2FE4F8919C02EC100A743F0 /* PBXContainerItemProxy */;
		};
/* End PBXTargetDependency section */

/* Begin PBXVariantGroup section */
		A2FE4F7C19C02EC100A743F0 /* Main.storyboard */ = {
			isa = PBXVariantGroup;
			children = (
				A2FE4F7D19C02EC100A743F0 /* Base */,
			);
			name = Main.storyboard;
			sourceTree = "<group>";
		};
		A2FE4F8119C02EC100A743F0 /* LaunchScreen.xib */ = {
			isa = PBXVariantGroup;
			children = (
				A2FE4F8219C02EC100A743F0 /* Base */,
			);
			name = LaunchScreen.xib;
			sourceTree = "<group>";
		};
/* End PBXVariantGroup section */

/* Begin XCBuildConfiguration section */
		A2FE4F9019C02EC100A743F0 /* Debug */ = {
			isa = XCBuildConfiguration;
			buildSettings = {
				ALWAYS_SEARCH_USER_PATHS = NO;
				CLANG_CXX_LANGUAGE_STANDARD = "gnu++0x";
				CLANG_CXX_LIBRARY = "libc++";
				CLANG_ENABLE_MODULES = YES;
				CLANG_ENABLE_OBJC_ARC = YES;
				CLANG_WARN_BOOL_CONVERSION = YES;
				CLANG_WARN_CONSTANT_CONVERSION = YES;
				CLANG_WARN_DIRECT_OBJC_ISA_USAGE = YES_ERROR;
				CLANG_WARN_EMPTY_BODY = YES;
				CLANG_WARN_ENUM_CONVERSION = YES;
				CLANG_WARN_INT_CONVERSION = YES;
				CLANG_WARN_OBJC_ROOT_CLASS = YES_ERROR;
				CLANG_WARN_UNREACHABLE_CODE = YES;
				CLANG_WARN__DUPLICATE_METHOD_MATCH = YES;
				"CODE_SIGN_IDENTITY[sdk=iphoneos*]" = "iPhone Developer";
				COPY_PHASE_STRIP = NO;
				ENABLE_STRICT_OBJC_MSGSEND = YES;
				GCC_C_LANGUAGE_STANDARD = gnu99;
				GCC_DYNAMIC_NO_PIC = NO;
				GCC_OPTIMIZATION_LEVEL = 0;
				GCC_PREPROCESSOR_DEFINITIONS = (
					"DEBUG=1",
					"$(inherited)",
				);
				GCC_SYMBOLS_PRIVATE_EXTERN = NO;
				GCC_WARN_64_TO_32_BIT_CONVERSION = YES;
				GCC_WARN_ABOUT_RETURN_TYPE = YES_ERROR;
				GCC_WARN_UNDECLARED_SELECTOR = YES;
				GCC_WARN_UNINITIALIZED_AUTOS = YES_AGGRESSIVE;
				GCC_WARN_UNUSED_FUNCTION = YES;
				GCC_WARN_UNUSED_VARIABLE = YES;
				IPHONEOS_DEPLOYMENT_TARGET = 8.0;
				MTL_ENABLE_DEBUG_INFO = YES;
				ONLY_ACTIVE_ARCH = YES;
				SDKROOT = iphoneos;
				SWIFT_OPTIMIZATION_LEVEL = "-Onone";
				TARGETED_DEVICE_FAMILY = "1,2";
			};
			name = Debug;
		};
		A2FE4F9119C02EC100A743F0 /* Release */ = {
			isa = XCBuildConfiguration;
			buildSettings = {
				ALWAYS_SEARCH_USER_PATHS = NO;
				CLANG_CXX_LANGUAGE_STANDARD = "gnu++0x";
				CLANG_CXX_LIBRARY = "libc++";
				CLANG_ENABLE_MODULES = YES;
				CLANG_ENABLE_OBJC_ARC = YES;
				CLANG_WARN_BOOL_CONVERSION = YES;
				CLANG_WARN_CONSTANT_CONVERSION = YES;
				CLANG_WARN_DIRECT_OBJC_ISA_USAGE = YES_ERROR;
				CLANG_WARN_EMPTY_BODY = YES;
				CLANG_WARN_ENUM_CONVERSION = YES;
				CLANG_WARN_INT_CONVERSION = YES;
				CLANG_WARN_OBJC_ROOT_CLASS = YES_ERROR;
				CLANG_WARN_UNREACHABLE_CODE = YES;
				CLANG_WARN__DUPLICATE_METHOD_MATCH = YES;
				"CODE_SIGN_IDENTITY[sdk=iphoneos*]" = "iPhone Developer";
				COPY_PHASE_STRIP = YES;
				ENABLE_NS_ASSERTIONS = NO;
				ENABLE_STRICT_OBJC_MSGSEND = YES;
				GCC_C_LANGUAGE_STANDARD = gnu99;
				GCC_WARN_64_TO_32_BIT_CONVERSION = YES;
				GCC_WARN_ABOUT_RETURN_TYPE = YES_ERROR;
				GCC_WARN_UNDECLARED_SELECTOR = YES;
				GCC_WARN_UNINITIALIZED_AUTOS = YES_AGGRESSIVE;
				GCC_WARN_UNUSED_FUNCTION = YES;
				GCC_WARN_UNUSED_VARIABLE = YES;
				IPHONEOS_DEPLOYMENT_TARGET = 8.0;
				MTL_ENABLE_DEBUG_INFO = NO;
				SDKROOT = iphoneos;
				TARGETED_DEVICE_FAMILY = "1,2";
				VALIDATE_PRODUCT = YES;
			};
			name = Release;
		};
		A2FE4F9319C02EC100A743F0 /* Debug */ = {
			isa = XCBuildConfiguration;
			buildSettings = {
				ASSETCATALOG_COMPILER_APPICON_NAME = AppIcon;
				INFOPLIST_FILE = VarEx/Info.plist;
				LD_RUNPATH_SEARCH_PATHS = "$(inherited) @executable_path/Frameworks";
				PRODUCT_NAME = "$(TARGET_NAME)";
			};
			name = Debug;
		};
		A2FE4F9419C02EC100A743F0 /* Release */ = {
			isa = XCBuildConfiguration;
			buildSettings = {
				ASSETCATALOG_COMPILER_APPICON_NAME = AppIcon;
				INFOPLIST_FILE = VarEx/Info.plist;
				LD_RUNPATH_SEARCH_PATHS = "$(inherited) @executable_path/Frameworks";
				PRODUCT_NAME = "$(TARGET_NAME)";
			};
			name = Release;
		};
		A2FE4F9619C02EC100A743F0 /* Debug */ = {
			isa = XCBuildConfiguration;
			buildSettings = {
				BUNDLE_LOADER = "$(TEST_HOST)";
				FRAMEWORK_SEARCH_PATHS = (
					"$(SDKROOT)/Developer/Library/Frameworks",
					"$(inherited)",
				);
				GCC_PREPROCESSOR_DEFINITIONS = (
					"DEBUG=1",
					"$(inherited)",
				);
				INFOPLIST_FILE = VarExTests/Info.plist;
				LD_RUNPATH_SEARCH_PATHS = "$(inherited) @executable_path/Frameworks @loader_path/Frameworks";
				PRODUCT_NAME = "$(TARGET_NAME)";
				TEST_HOST = "$(BUILT_PRODUCTS_DIR)/VarEx.app/VarEx";
			};
			name = Debug;
		};
		A2FE4F9719C02EC100A743F0 /* Release */ = {
			isa = XCBuildConfiguration;
			buildSettings = {
				BUNDLE_LOADER = "$(TEST_HOST)";
				FRAMEWORK_SEARCH_PATHS = (
					"$(SDKROOT)/Developer/Library/Frameworks",
					"$(inherited)",
				);
				INFOPLIST_FILE = VarExTests/Info.plist;
				LD_RUNPATH_SEARCH_PATHS = "$(inherited) @executable_path/Frameworks @loader_path/Frameworks";
				PRODUCT_NAME = "$(TARGET_NAME)";
				TEST_HOST = "$(BUILT_PRODUCTS_DIR)/VarEx.app/VarEx";
			};
			name = Release;
		};
/* End XCBuildConfiguration section */

/* Begin XCConfigurationList section */
		A2FE4F6E19C02EC100A743F0 /* Build configuration list for PBXProject "VarEx" */ = {
			isa = XCConfigurationList;
			buildConfigurations = (
				A2FE4F9019C02EC100A743F0 /* Debug */,
				A2FE4F9119C02EC100A743F0 /* Release */,
			);
			defaultConfigurationIsVisible = 0;
			defaultConfigurationName = Release;
		};
		A2FE4F9219C02EC100A743F0 /* Build configuration list for PBXNativeTarget "VarEx" */ = {
			isa = XCConfigurationList;
			buildConfigurations = (
				A2FE4F9319C02EC100A743F0 /* Debug */,
				A2FE4F9419C02EC100A743F0 /* Release */,
			);
			defaultConfigurationIsVisible = 0;
		};
		A2FE4F9519C02EC100A743F0 /* Build configuration list for PBXNativeTarget "VarExTests" */ = {
			isa = XCConfigurationList;
			buildConfigurations = (
				A2FE4F9619C02EC100A743F0 /* Debug */,
				A2FE4F9719C02EC100A743F0 /* Release */,
			);
			defaultConfigurationIsVisible = 0;
		};
/* End XCConfigurationList section */
	};
	rootObject = A2FE4F6B19C02EC100A743F0 /* Project object */;
}
