// !$*UTF8*$!
{
	archiveVersion = 1;
	classes = {
	};
	objectVersion = 46;
	objects = {

/* Begin PBXBuildFile section */
		1F2C67C11A78CAAE00E1816F /* main.m in Sources */ = {isa = PBXBuildFile; fileRef = 1F2C67C01A78CAAE00E1816F /* main.m */; };
		1F2C67C41A78CAAE00E1816F /* AppDelegate.m in Sources */ = {isa = PBXBuildFile; fileRef = 1F2C67C31A78CAAE00E1816F /* AppDelegate.m */; };
		1F2C67C71A78CAAE00E1816F /* ViewController.m in Sources */ = {isa = PBXBuildFile; fileRef = 1F2C67C61A78CAAE00E1816F /* ViewController.m */; };
		1F2C67CA1A78CAAE00E1816F /* Main.storyboard in Resources */ = {isa = PBXBuildFile; fileRef = 1F2C67C81A78CAAE00E1816F /* Main.storyboard */; };
		1F2C67CC1A78CAAE00E1816F /* Images.xcassets in Resources */ = {isa = PBXBuildFile; fileRef = 1F2C67CB1A78CAAE00E1816F /* Images.xcassets */; };
		1F2C67CF1A78CAAE00E1816F /* LaunchScreen.xib in Resources */ = {isa = PBXBuildFile; fileRef = 1F2C67CD1A78CAAE00E1816F /* LaunchScreen.xib */; };
		1F2C67DB1A78CAAE00E1816F /* sampleWebViewTests.m in Sources */ = {isa = PBXBuildFile; fileRef = 1F2C67DA1A78CAAE00E1816F /* sampleWebViewTests.m */; };
/* End PBXBuildFile section */

/* Begin PBXContainerItemProxy section */
		1F2C67D51A78CAAE00E1816F /* PBXContainerItemProxy */ = {
			isa = PBXContainerItemProxy;
			containerPortal = 1F2C67B31A78CAAE00E1816F /* Project object */;
			proxyType = 1;
			remoteGlobalIDString = 1F2C67BA1A78CAAE00E1816F;
			remoteInfo = sampleWebView;
		};
/* End PBXContainerItemProxy section */

/* Begin PBXFileReference section */
		1F2C67BB1A78CAAE00E1816F /* sampleWebView.app */ = {isa = PBXFileReference; explicitFileType = wrapper.application; includeInIndex = 0; path = sampleWebView.app; sourceTree = BUILT_PRODUCTS_DIR; };
		1F2C67BF1A78CAAE00E1816F /* Info.plist */ = {isa = PBXFileReference; lastKnownFileType = text.plist.xml; path = Info.plist; sourceTree = "<group>"; };
		1F2C67C01A78CAAE00E1816F /* main.m */ = {isa = PBXFileReference; lastKnownFileType = sourcecode.c.objc; path = main.m; sourceTree = "<group>"; };
		1F2C67C21A78CAAE00E1816F /* AppDelegate.h */ = {isa = PBXFileReference; lastKnownFileType = sourcecode.c.h; path = AppDelegate.h; sourceTree = "<group>"; };
		1F2C67C31A78CAAE00E1816F /* AppDelegate.m */ = {isa = PBXFileReference; lastKnownFileType = sourcecode.c.objc; path = AppDelegate.m; sourceTree = "<group>"; };
		1F2C67C51A78CAAE00E1816F /* ViewController.h */ = {isa = PBXFileReference; lastKnownFileType = sourcecode.c.h; path = ViewController.h; sourceTree = "<group>"; };
		1F2C67C61A78CAAE00E1816F /* ViewController.m */ = {isa = PBXFileReference; lastKnownFileType = sourcecode.c.objc; path = ViewController.m; sourceTree = "<group>"; };
		1F2C67C91A78CAAE00E1816F /* Base */ = {isa = PBXFileReference; lastKnownFileType = file.storyboard; name = Base; path = Base.lproj/Main.storyboard; sourceTree = "<group>"; };
		1F2C67CB1A78CAAE00E1816F /* Images.xcassets */ = {isa = PBXFileReference; lastKnownFileType = folder.assetcatalog; path = Images.xcassets; sourceTree = "<group>"; };
		1F2C67CE1A78CAAE00E1816F /* Base */ = {isa = PBXFileReference; lastKnownFileType = file.xib; name = Base; path = Base.lproj/LaunchScreen.xib; sourceTree = "<group>"; };
		1F2C67D41A78CAAE00E1816F /* sampleWebViewTests.xctest */ = {isa = PBXFileReference; explicitFileType = wrapper.cfbundle; includeInIndex = 0; path = sampleWebViewTests.xctest; sourceTree = BUILT_PRODUCTS_DIR; };
		1F2C67D91A78CAAE00E1816F /* Info.plist */ = {isa = PBXFileReference; lastKnownFileType = text.plist.xml; path = Info.plist; sourceTree = "<group>"; };
		1F2C67DA1A78CAAE00E1816F /* sampleWebViewTests.m */ = {isa = PBXFileReference; lastKnownFileType = sourcecode.c.objc; path = sampleWebViewTests.m; sourceTree = "<group>"; };
/* End PBXFileReference section */

/* Begin PBXFrameworksBuildPhase section */
		1F2C67B81A78CAAE00E1816F /* Frameworks */ = {
			isa = PBXFrameworksBuildPhase;
			buildActionMask = 2147483647;
			files = (
			);
			runOnlyForDeploymentPostprocessing = 0;
		};
		1F2C67D11A78CAAE00E1816F /* Frameworks */ = {
			isa = PBXFrameworksBuildPhase;
			buildActionMask = 2147483647;
			files = (
			);
			runOnlyForDeploymentPostprocessing = 0;
		};
/* End PBXFrameworksBuildPhase section */

/* Begin PBXGroup section */
		1F2C67B21A78CAAE00E1816F = {
			isa = PBXGroup;
			children = (
				1F2C67BD1A78CAAE00E1816F /* sampleWebView */,
				1F2C67D71A78CAAE00E1816F /* sampleWebViewTests */,
				1F2C67BC1A78CAAE00E1816F /* Products */,
			);
			sourceTree = "<group>";
		};
		1F2C67BC1A78CAAE00E1816F /* Products */ = {
			isa = PBXGroup;
			children = (
				1F2C67BB1A78CAAE00E1816F /* sampleWebView.app */,
				1F2C67D41A78CAAE00E1816F /* sampleWebViewTests.xctest */,
			);
			name = Products;
			sourceTree = "<group>";
		};
		1F2C67BD1A78CAAE00E1816F /* sampleWebView */ = {
			isa = PBXGroup;
			children = (
				1F2C67C21A78CAAE00E1816F /* AppDelegate.h */,
				1F2C67C31A78CAAE00E1816F /* AppDelegate.m */,
				1F2C67C51A78CAAE00E1816F /* ViewController.h */,
				1F2C67C61A78CAAE00E1816F /* ViewController.m */,
				1F2C67C81A78CAAE00E1816F /* Main.storyboard */,
				1F2C67CB1A78CAAE00E1816F /* Images.xcassets */,
				1F2C67CD1A78CAAE00E1816F /* LaunchScreen.xib */,
				1F2C67BE1A78CAAE00E1816F /* Supporting Files */,
			);
			path = sampleWebView;
			sourceTree = "<group>";
		};
		1F2C67BE1A78CAAE00E1816F /* Supporting Files */ = {
			isa = PBXGroup;
			children = (
				1F2C67BF1A78CAAE00E1816F /* Info.plist */,
				1F2C67C01A78CAAE00E1816F /* main.m */,
			);
			name = "Supporting Files";
			sourceTree = "<group>";
		};
		1F2C67D71A78CAAE00E1816F /* sampleWebViewTests */ = {
			isa = PBXGroup;
			children = (
				1F2C67DA1A78CAAE00E1816F /* sampleWebViewTests.m */,
				1F2C67D81A78CAAE00E1816F /* Supporting Files */,
			);
			path = sampleWebViewTests;
			sourceTree = "<group>";
		};
		1F2C67D81A78CAAE00E1816F /* Supporting Files */ = {
			isa = PBXGroup;
			children = (
				1F2C67D91A78CAAE00E1816F /* Info.plist */,
			);
			name = "Supporting Files";
			sourceTree = "<group>";
		};
/* End PBXGroup section */

/* Begin PBXNativeTarget section */
		1F2C67BA1A78CAAE00E1816F /* sampleWebView */ = {
			isa = PBXNativeTarget;
			buildConfigurationList = 1F2C67DE1A78CAAE00E1816F /* Build configuration list for PBXNativeTarget "sampleWebView" */;
			buildPhases = (
				1F2C67B71A78CAAE00E1816F /* Sources */,
				1F2C67B81A78CAAE00E1816F /* Frameworks */,
				1F2C67B91A78CAAE00E1816F /* Resources */,
			);
			buildRules = (
			);
			dependencies = (
			);
			name = sampleWebView;
			productName = sampleWebView;
			productReference = 1F2C67BB1A78CAAE00E1816F /* sampleWebView.app */;
			productType = "com.apple.product-type.application";
		};
		1F2C67D31A78CAAE00E1816F /* sampleWebViewTests */ = {
			isa = PBXNativeTarget;
			buildConfigurationList = 1F2C67E11A78CAAE00E1816F /* Build configuration list for PBXNativeTarget "sampleWebViewTests" */;
			buildPhases = (
				1F2C67D01A78CAAE00E1816F /* Sources */,
				1F2C67D11A78CAAE00E1816F /* Frameworks */,
				1F2C67D21A78CAAE00E1816F /* Resources */,
			);
			buildRules = (
			);
			dependencies = (
				1F2C67D61A78CAAE00E1816F /* PBXTargetDependency */,
			);
			name = sampleWebViewTests;
			productName = sampleWebViewTests;
			productReference = 1F2C67D41A78CAAE00E1816F /* sampleWebViewTests.xctest */;
			productType = "com.apple.product-type.bundle.unit-test";
		};
/* End PBXNativeTarget section */

/* Begin PBXProject section */
		1F2C67B31A78CAAE00E1816F /* Project object */ = {
			isa = PBXProject;
			attributes = {
				LastUpgradeCheck = 0610;
				ORGANIZATIONNAME = "大沼英喜";
				TargetAttributes = {
					1F2C67BA1A78CAAE00E1816F = {
						CreatedOnToolsVersion = 6.1.1;
					};
					1F2C67D31A78CAAE00E1816F = {
						CreatedOnToolsVersion = 6.1.1;
						TestTargetID = 1F2C67BA1A78CAAE00E1816F;
					};
				};
			};
			buildConfigurationList = 1F2C67B61A78CAAE00E1816F /* Build configuration list for PBXProject "sampleWebView" */;
			compatibilityVersion = "Xcode 3.2";
			developmentRegion = English;
			hasScannedForEncodings = 0;
			knownRegions = (
				en,
				Base,
			);
			mainGroup = 1F2C67B21A78CAAE00E1816F;
			productRefGroup = 1F2C67BC1A78CAAE00E1816F /* Products */;
			projectDirPath = "";
			projectRoot = "";
			targets = (
				1F2C67BA1A78CAAE00E1816F /* sampleWebView */,
				1F2C67D31A78CAAE00E1816F /* sampleWebViewTests */,
			);
		};
/* End PBXProject section */

/* Begin PBXResourcesBuildPhase section */
		1F2C67B91A78CAAE00E1816F /* Resources */ = {
			isa = PBXResourcesBuildPhase;
			buildActionMask = 2147483647;
			files = (
				1F2C67CA1A78CAAE00E1816F /* Main.storyboard in Resources */,
				1F2C67CF1A78CAAE00E1816F /* LaunchScreen.xib in Resources */,
				1F2C67CC1A78CAAE00E1816F /* Images.xcassets in Resources */,
			);
			runOnlyForDeploymentPostprocessing = 0;
		};
		1F2C67D21A78CAAE00E1816F /* Resources */ = {
			isa = PBXResourcesBuildPhase;
			buildActionMask = 2147483647;
			files = (
			);
			runOnlyForDeploymentPostprocessing = 0;
		};
/* End PBXResourcesBuildPhase section */

/* Begin PBXSourcesBuildPhase section */
		1F2C67B71A78CAAE00E1816F /* Sources */ = {
			isa = PBXSourcesBuildPhase;
			buildActionMask = 2147483647;
			files = (
				1F2C67C71A78CAAE00E1816F /* ViewController.m in Sources */,
				1F2C67C41A78CAAE00E1816F /* AppDelegate.m in Sources */,
				1F2C67C11A78CAAE00E1816F /* main.m in Sources */,
			);
			runOnlyForDeploymentPostprocessing = 0;
		};
		1F2C67D01A78CAAE00E1816F /* Sources */ = {
			isa = PBXSourcesBuildPhase;
			buildActionMask = 2147483647;
			files = (
				1F2C67DB1A78CAAE00E1816F /* sampleWebViewTests.m in Sources */,
			);
			runOnlyForDeploymentPostprocessing = 0;
		};
/* End PBXSourcesBuildPhase section */

/* Begin PBXTargetDependency section */
		1F2C67D61A78CAAE00E1816F /* PBXTargetDependency */ = {
			isa = PBXTargetDependency;
			target = 1F2C67BA1A78CAAE00E1816F /* sampleWebView */;
			targetProxy = 1F2C67D51A78CAAE00E1816F /* PBXContainerItemProxy */;
		};
/* End PBXTargetDependency section */

/* Begin PBXVariantGroup section */
		1F2C67C81A78CAAE00E1816F /* Main.storyboard */ = {
			isa = PBXVariantGroup;
			children = (
				1F2C67C91A78CAAE00E1816F /* Base */,
			);
			name = Main.storyboard;
			sourceTree = "<group>";
		};
		1F2C67CD1A78CAAE00E1816F /* LaunchScreen.xib */ = {
			isa = PBXVariantGroup;
			children = (
				1F2C67CE1A78CAAE00E1816F /* Base */,
			);
			name = LaunchScreen.xib;
			sourceTree = "<group>";
		};
/* End PBXVariantGroup section */

/* Begin XCBuildConfiguration section */
		1F2C67DC1A78CAAE00E1816F /* Debug */ = {
			isa = XCBuildConfiguration;
			buildSettings = {
				ALWAYS_SEARCH_USER_PATHS = NO;
				CLANG_CXX_LANGUAGE_STANDARD = "gnu++0x";
				CLANG_CXX_LIBRARY = "libc++";
				CLANG_ENABLE_MODULES = YES;
				CLANG_ENABLE_OBJC_ARC = YES;
				CLANG_WARN_BOOL_CONVERSION = YES;
				CLANG_WARN_CONSTANT_CONVERSION = YES;
				CLANG_WARN_DIRECT_OBJC_ISA_USAGE = YES_ERROR;
				CLANG_WARN_EMPTY_BODY = YES;
				CLANG_WARN_ENUM_CONVERSION = YES;
				CLANG_WARN_INT_CONVERSION = YES;
				CLANG_WARN_OBJC_ROOT_CLASS = YES_ERROR;
				CLANG_WARN_UNREACHABLE_CODE = YES;
				CLANG_WARN__DUPLICATE_METHOD_MATCH = YES;
				"CODE_SIGN_IDENTITY[sdk=iphoneos*]" = "iPhone Developer";
				COPY_PHASE_STRIP = NO;
				ENABLE_STRICT_OBJC_MSGSEND = YES;
				GCC_C_LANGUAGE_STANDARD = gnu99;
				GCC_DYNAMIC_NO_PIC = NO;
				GCC_OPTIMIZATION_LEVEL = 0;
				GCC_PREPROCESSOR_DEFINITIONS = (
					"DEBUG=1",
					"$(inherited)",
				);
				GCC_SYMBOLS_PRIVATE_EXTERN = NO;
				GCC_WARN_64_TO_32_BIT_CONVERSION = YES;
				GCC_WARN_ABOUT_RETURN_TYPE = YES_ERROR;
				GCC_WARN_UNDECLARED_SELECTOR = YES;
				GCC_WARN_UNINITIALIZED_AUTOS = YES_AGGRESSIVE;
				GCC_WARN_UNUSED_FUNCTION = YES;
				GCC_WARN_UNUSED_VARIABLE = YES;
				IPHONEOS_DEPLOYMENT_TARGET = 8.1;
				MTL_ENABLE_DEBUG_INFO = YES;
				ONLY_ACTIVE_ARCH = YES;
				SDKROOT = iphoneos;
			};
			name = Debug;
		};
		1F2C67DD1A78CAAE00E1816F /* Release */ = {
			isa = XCBuildConfiguration;
			buildSettings = {
				ALWAYS_SEARCH_USER_PATHS = NO;
				CLANG_CXX_LANGUAGE_STANDARD = "gnu++0x";
				CLANG_CXX_LIBRARY = "libc++";
				CLANG_ENABLE_MODULES = YES;
				CLANG_ENABLE_OBJC_ARC = YES;
				CLANG_WARN_BOOL_CONVERSION = YES;
				CLANG_WARN_CONSTANT_CONVERSION = YES;
				CLANG_WARN_DIRECT_OBJC_ISA_USAGE = YES_ERROR;
				CLANG_WARN_EMPTY_BODY = YES;
				CLANG_WARN_ENUM_CONVERSION = YES;
				CLANG_WARN_INT_CONVERSION = YES;
				CLANG_WARN_OBJC_ROOT_CLASS = YES_ERROR;
				CLANG_WARN_UNREACHABLE_CODE = YES;
				CLANG_WARN__DUPLICATE_METHOD_MATCH = YES;
				"CODE_SIGN_IDENTITY[sdk=iphoneos*]" = "iPhone Developer";
				COPY_PHASE_STRIP = YES;
				ENABLE_NS_ASSERTIONS = NO;
				ENABLE_STRICT_OBJC_MSGSEND = YES;
				GCC_C_LANGUAGE_STANDARD = gnu99;
				GCC_WARN_64_TO_32_BIT_CONVERSION = YES;
				GCC_WARN_ABOUT_RETURN_TYPE = YES_ERROR;
				GCC_WARN_UNDECLARED_SELECTOR = YES;
				GCC_WARN_UNINITIALIZED_AUTOS = YES_AGGRESSIVE;
				GCC_WARN_UNUSED_FUNCTION = YES;
				GCC_WARN_UNUSED_VARIABLE = YES;
				IPHONEOS_DEPLOYMENT_TARGET = 8.1;
				MTL_ENABLE_DEBUG_INFO = NO;
				SDKROOT = iphoneos;
				VALIDATE_PRODUCT = YES;
			};
			name = Release;
		};
		1F2C67DF1A78CAAE00E1816F /* Debug */ = {
			isa = XCBuildConfiguration;
			buildSettings = {
				ASSETCATALOG_COMPILER_APPICON_NAME = AppIcon;
				INFOPLIST_FILE = sampleWebView/Info.plist;
				LD_RUNPATH_SEARCH_PATHS = "$(inherited) @executable_path/Frameworks";
				PRODUCT_NAME = "$(TARGET_NAME)";
			};
			name = Debug;
		};
		1F2C67E01A78CAAE00E1816F /* Release */ = {
			isa = XCBuildConfiguration;
			buildSettings = {
				ASSETCATALOG_COMPILER_APPICON_NAME = AppIcon;
				INFOPLIST_FILE = sampleWebView/Info.plist;
				LD_RUNPATH_SEARCH_PATHS = "$(inherited) @executable_path/Frameworks";
				PRODUCT_NAME = "$(TARGET_NAME)";
			};
			name = Release;
		};
		1F2C67E21A78CAAE00E1816F /* Debug */ = {
			isa = XCBuildConfiguration;
			buildSettings = {
				BUNDLE_LOADER = "$(TEST_HOST)";
				FRAMEWORK_SEARCH_PATHS = (
					"$(SDKROOT)/Developer/Library/Frameworks",
					"$(inherited)",
				);
				GCC_PREPROCESSOR_DEFINITIONS = (
					"DEBUG=1",
					"$(inherited)",
				);
				INFOPLIST_FILE = sampleWebViewTests/Info.plist;
				LD_RUNPATH_SEARCH_PATHS = "$(inherited) @executable_path/Frameworks @loader_path/Frameworks";
				PRODUCT_NAME = "$(TARGET_NAME)";
				TEST_HOST = "$(BUILT_PRODUCTS_DIR)/sampleWebView.app/sampleWebView";
			};
			name = Debug;
		};
		1F2C67E31A78CAAE00E1816F /* Release */ = {
			isa = XCBuildConfiguration;
			buildSettings = {
				BUNDLE_LOADER = "$(TEST_HOST)";
				FRAMEWORK_SEARCH_PATHS = (
					"$(SDKROOT)/Developer/Library/Frameworks",
					"$(inherited)",
				);
				INFOPLIST_FILE = sampleWebViewTests/Info.plist;
				LD_RUNPATH_SEARCH_PATHS = "$(inherited) @executable_path/Frameworks @loader_path/Frameworks";
				PRODUCT_NAME = "$(TARGET_NAME)";
				TEST_HOST = "$(BUILT_PRODUCTS_DIR)/sampleWebView.app/sampleWebView";
			};
			name = Release;
		};
/* End XCBuildConfiguration section */

/* Begin XCConfigurationList section */
		1F2C67B61A78CAAE00E1816F /* Build configuration list for PBXProject "sampleWebView" */ = {
			isa = XCConfigurationList;
			buildConfigurations = (
				1F2C67DC1A78CAAE00E1816F /* Debug */,
				1F2C67DD1A78CAAE00E1816F /* Release */,
			);
			defaultConfigurationIsVisible = 0;
			defaultConfigurationName = Release;
		};
		1F2C67DE1A78CAAE00E1816F /* Build configuration list for PBXNativeTarget "sampleWebView" */ = {
			isa = XCConfigurationList;
			buildConfigurations = (
				1F2C67DF1A78CAAE00E1816F /* Debug */,
				1F2C67E01A78CAAE00E1816F /* Release */,
			);
			defaultConfigurationIsVisible = 0;
		};
		1F2C67E11A78CAAE00E1816F /* Build configuration list for PBXNativeTarget "sampleWebViewTests" */ = {
			isa = XCConfigurationList;
			buildConfigurations = (
				1F2C67E21A78CAAE00E1816F /* Debug */,
				1F2C67E31A78CAAE00E1816F /* Release */,
			);
			defaultConfigurationIsVisible = 0;
		};
/* End XCConfigurationList section */
	};
	rootObject = 1F2C67B31A78CAAE00E1816F /* Project object */;
}
