// !$*UTF8*$!
{
	archiveVersion = 1;
	classes = {
	};
	objectVersion = 46;
	objects = {

/* Begin PBXBuildFile section */
		A22F166A19C2BC9600864146 /* act0.png in Resources */ = {isa = PBXBuildFile; fileRef = A22F165E19C2BC9600864146 /* act0.png */; };
		A22F166B19C2BC9600864146 /* act0@2x.png in Resources */ = {isa = PBXBuildFile; fileRef = A22F165F19C2BC9600864146 /* act0@2x.png */; };
		A22F166C19C2BC9600864146 /* act0@3x.png in Resources */ = {isa = PBXBuildFile; fileRef = A22F166019C2BC9600864146 /* act0@3x.png */; };
		A22F166D19C2BC9600864146 /* act1.png in Resources */ = {isa = PBXBuildFile; fileRef = A22F166119C2BC9600864146 /* act1.png */; };
		A22F166E19C2BC9600864146 /* act1@2x.png in Resources */ = {isa = PBXBuildFile; fileRef = A22F166219C2BC9600864146 /* act1@2x.png */; };
		A22F166F19C2BC9600864146 /* act1@3x.png in Resources */ = {isa = PBXBuildFile; fileRef = A22F166319C2BC9600864146 /* act1@3x.png */; };
		A22F167019C2BC9600864146 /* act2.png in Resources */ = {isa = PBXBuildFile; fileRef = A22F166419C2BC9600864146 /* act2.png */; };
		A22F167119C2BC9600864146 /* act2@2x.png in Resources */ = {isa = PBXBuildFile; fileRef = A22F166519C2BC9600864146 /* act2@2x.png */; };
		A22F167219C2BC9600864146 /* act2@3x.png in Resources */ = {isa = PBXBuildFile; fileRef = A22F166619C2BC9600864146 /* act2@3x.png */; };
		A22F167319C2BC9600864146 /* act3.png in Resources */ = {isa = PBXBuildFile; fileRef = A22F166719C2BC9600864146 /* act3.png */; };
		A22F167419C2BC9600864146 /* act3@2x.png in Resources */ = {isa = PBXBuildFile; fileRef = A22F166819C2BC9600864146 /* act3@2x.png */; };
		A22F167519C2BC9600864146 /* act3@3x.png in Resources */ = {isa = PBXBuildFile; fileRef = A22F166919C2BC9600864146 /* act3@3x.png */; };
		A22F167819C2BCF600864146 /* ActionView.swift in Sources */ = {isa = PBXBuildFile; fileRef = A22F167619C2BCF600864146 /* ActionView.swift */; };
		A22F167919C2BCF600864146 /* Graphics.swift in Sources */ = {isa = PBXBuildFile; fileRef = A22F167719C2BCF600864146 /* Graphics.swift */; };
		A23B325819C188C5003F7E27 /* AppDelegate.swift in Sources */ = {isa = PBXBuildFile; fileRef = A23B325719C188C5003F7E27 /* AppDelegate.swift */; };
		A23B325A19C188C5003F7E27 /* ViewController.swift in Sources */ = {isa = PBXBuildFile; fileRef = A23B325919C188C5003F7E27 /* ViewController.swift */; };
		A23B325D19C188C5003F7E27 /* Main.storyboard in Resources */ = {isa = PBXBuildFile; fileRef = A23B325B19C188C5003F7E27 /* Main.storyboard */; };
		A23B325F19C188C5003F7E27 /* Images.xcassets in Resources */ = {isa = PBXBuildFile; fileRef = A23B325E19C188C5003F7E27 /* Images.xcassets */; };
		A23B326219C188C5003F7E27 /* LaunchScreen.xib in Resources */ = {isa = PBXBuildFile; fileRef = A23B326019C188C5003F7E27 /* LaunchScreen.xib */; };
		A23B326E19C188C5003F7E27 /* ActionGameTests.swift in Sources */ = {isa = PBXBuildFile; fileRef = A23B326D19C188C5003F7E27 /* ActionGameTests.swift */; };
/* End PBXBuildFile section */

/* Begin PBXContainerItemProxy section */
		A23B326819C188C5003F7E27 /* PBXContainerItemProxy */ = {
			isa = PBXContainerItemProxy;
			containerPortal = A23B324A19C188C5003F7E27 /* Project object */;
			proxyType = 1;
			remoteGlobalIDString = A23B325119C188C5003F7E27;
			remoteInfo = ActionGame;
		};
/* End PBXContainerItemProxy section */

/* Begin PBXFileReference section */
		A22F165E19C2BC9600864146 /* act0.png */ = {isa = PBXFileReference; lastKnownFileType = image.png; path = act0.png; sourceTree = "<group>"; };
		A22F165F19C2BC9600864146 /* act0@2x.png */ = {isa = PBXFileReference; lastKnownFileType = image.png; path = "act0@2x.png"; sourceTree = "<group>"; };
		A22F166019C2BC9600864146 /* act0@3x.png */ = {isa = PBXFileReference; lastKnownFileType = image.png; path = "act0@3x.png"; sourceTree = "<group>"; };
		A22F166119C2BC9600864146 /* act1.png */ = {isa = PBXFileReference; lastKnownFileType = image.png; path = act1.png; sourceTree = "<group>"; };
		A22F166219C2BC9600864146 /* act1@2x.png */ = {isa = PBXFileReference; lastKnownFileType = image.png; path = "act1@2x.png"; sourceTree = "<group>"; };
		A22F166319C2BC9600864146 /* act1@3x.png */ = {isa = PBXFileReference; lastKnownFileType = image.png; path = "act1@3x.png"; sourceTree = "<group>"; };
		A22F166419C2BC9600864146 /* act2.png */ = {isa = PBXFileReference; lastKnownFileType = image.png; path = act2.png; sourceTree = "<group>"; };
		A22F166519C2BC9600864146 /* act2@2x.png */ = {isa = PBXFileReference; lastKnownFileType = image.png; path = "act2@2x.png"; sourceTree = "<group>"; };
		A22F166619C2BC9600864146 /* act2@3x.png */ = {isa = PBXFileReference; lastKnownFileType = image.png; path = "act2@3x.png"; sourceTree = "<group>"; };
		A22F166719C2BC9600864146 /* act3.png */ = {isa = PBXFileReference; lastKnownFileType = image.png; path = act3.png; sourceTree = "<group>"; };
		A22F166819C2BC9600864146 /* act3@2x.png */ = {isa = PBXFileReference; lastKnownFileType = image.png; path = "act3@2x.png"; sourceTree = "<group>"; };
		A22F166919C2BC9600864146 /* act3@3x.png */ = {isa = PBXFileReference; lastKnownFileType = image.png; path = "act3@3x.png"; sourceTree = "<group>"; };
		A22F167619C2BCF600864146 /* ActionView.swift */ = {isa = PBXFileReference; fileEncoding = 4; lastKnownFileType = sourcecode.swift; path = ActionView.swift; sourceTree = "<group>"; };
		A22F167719C2BCF600864146 /* Graphics.swift */ = {isa = PBXFileReference; fileEncoding = 4; lastKnownFileType = sourcecode.swift; path = Graphics.swift; sourceTree = "<group>"; };
		A23B325219C188C5003F7E27 /* ActionGame.app */ = {isa = PBXFileReference; explicitFileType = wrapper.application; includeInIndex = 0; path = ActionGame.app; sourceTree = BUILT_PRODUCTS_DIR; };
		A23B325619C188C5003F7E27 /* Info.plist */ = {isa = PBXFileReference; lastKnownFileType = text.plist.xml; path = Info.plist; sourceTree = "<group>"; };
		A23B325719C188C5003F7E27 /* AppDelegate.swift */ = {isa = PBXFileReference; lastKnownFileType = sourcecode.swift; path = AppDelegate.swift; sourceTree = "<group>"; };
		A23B325919C188C5003F7E27 /* ViewController.swift */ = {isa = PBXFileReference; lastKnownFileType = sourcecode.swift; path = ViewController.swift; sourceTree = "<group>"; };
		A23B325C19C188C5003F7E27 /* Base */ = {isa = PBXFileReference; lastKnownFileType = file.storyboard; name = Base; path = Base.lproj/Main.storyboard; sourceTree = "<group>"; };
		A23B325E19C188C5003F7E27 /* Images.xcassets */ = {isa = PBXFileReference; lastKnownFileType = folder.assetcatalog; path = Images.xcassets; sourceTree = "<group>"; };
		A23B326119C188C5003F7E27 /* Base */ = {isa = PBXFileReference; lastKnownFileType = file.xib; name = Base; path = Base.lproj/LaunchScreen.xib; sourceTree = "<group>"; };
		A23B326719C188C5003F7E27 /* ActionGameTests.xctest */ = {isa = PBXFileReference; explicitFileType = wrapper.cfbundle; includeInIndex = 0; path = ActionGameTests.xctest; sourceTree = BUILT_PRODUCTS_DIR; };
		A23B326C19C188C5003F7E27 /* Info.plist */ = {isa = PBXFileReference; lastKnownFileType = text.plist.xml; path = Info.plist; sourceTree = "<group>"; };
		A23B326D19C188C5003F7E27 /* ActionGameTests.swift */ = {isa = PBXFileReference; lastKnownFileType = sourcecode.swift; path = ActionGameTests.swift; sourceTree = "<group>"; };
/* End PBXFileReference section */

/* Begin PBXFrameworksBuildPhase section */
		A23B324F19C188C5003F7E27 /* Frameworks */ = {
			isa = PBXFrameworksBuildPhase;
			buildActionMask = 2147483647;
			files = (
			);
			runOnlyForDeploymentPostprocessing = 0;
		};
		A23B326419C188C5003F7E27 /* Frameworks */ = {
			isa = PBXFrameworksBuildPhase;
			buildActionMask = 2147483647;
			files = (
			);
			runOnlyForDeploymentPostprocessing = 0;
		};
/* End PBXFrameworksBuildPhase section */

/* Begin PBXGroup section */
		A23B324919C188C5003F7E27 = {
			isa = PBXGroup;
			children = (
				A23B325419C188C5003F7E27 /* ActionGame */,
				A23B326A19C188C5003F7E27 /* ActionGameTests */,
				A23B325319C188C5003F7E27 /* Products */,
			);
			sourceTree = "<group>";
		};
		A23B325319C188C5003F7E27 /* Products */ = {
			isa = PBXGroup;
			children = (
				A23B325219C188C5003F7E27 /* ActionGame.app */,
				A23B326719C188C5003F7E27 /* ActionGameTests.xctest */,
			);
			name = Products;
			sourceTree = "<group>";
		};
		A23B325419C188C5003F7E27 /* ActionGame */ = {
			isa = PBXGroup;
			children = (
				A23B325719C188C5003F7E27 /* AppDelegate.swift */,
				A23B325919C188C5003F7E27 /* ViewController.swift */,
				A22F167619C2BCF600864146 /* ActionView.swift */,
				A22F167719C2BCF600864146 /* Graphics.swift */,
				A23B325B19C188C5003F7E27 /* Main.storyboard */,
				A23B325E19C188C5003F7E27 /* Images.xcassets */,
				A23B326019C188C5003F7E27 /* LaunchScreen.xib */,
				A23B325519C188C5003F7E27 /* Supporting Files */,
			);
			path = ActionGame;
			sourceTree = "<group>";
		};
		A23B325519C188C5003F7E27 /* Supporting Files */ = {
			isa = PBXGroup;
			children = (
				A22F165E19C2BC9600864146 /* act0.png */,
				A22F165F19C2BC9600864146 /* act0@2x.png */,
				A22F166019C2BC9600864146 /* act0@3x.png */,
				A22F166119C2BC9600864146 /* act1.png */,
				A22F166219C2BC9600864146 /* act1@2x.png */,
				A22F166319C2BC9600864146 /* act1@3x.png */,
				A22F166419C2BC9600864146 /* act2.png */,
				A22F166519C2BC9600864146 /* act2@2x.png */,
				A22F166619C2BC9600864146 /* act2@3x.png */,
				A22F166719C2BC9600864146 /* act3.png */,
				A22F166819C2BC9600864146 /* act3@2x.png */,
				A22F166919C2BC9600864146 /* act3@3x.png */,
				A23B325619C188C5003F7E27 /* Info.plist */,
			);
			name = "Supporting Files";
			sourceTree = "<group>";
		};
		A23B326A19C188C5003F7E27 /* ActionGameTests */ = {
			isa = PBXGroup;
			children = (
				A23B326D19C188C5003F7E27 /* ActionGameTests.swift */,
				A23B326B19C188C5003F7E27 /* Supporting Files */,
			);
			path = ActionGameTests;
			sourceTree = "<group>";
		};
		A23B326B19C188C5003F7E27 /* Supporting Files */ = {
			isa = PBXGroup;
			children = (
				A23B326C19C188C5003F7E27 /* Info.plist */,
			);
			name = "Supporting Files";
			sourceTree = "<group>";
		};
/* End PBXGroup section */

/* Begin PBXNativeTarget section */
		A23B325119C188C5003F7E27 /* ActionGame */ = {
			isa = PBXNativeTarget;
			buildConfigurationList = A23B327119C188C5003F7E27 /* Build configuration list for PBXNativeTarget "ActionGame" */;
			buildPhases = (
				A23B324E19C188C5003F7E27 /* Sources */,
				A23B324F19C188C5003F7E27 /* Frameworks */,
				A23B325019C188C5003F7E27 /* Resources */,
			);
			buildRules = (
			);
			dependencies = (
			);
			name = ActionGame;
			productName = ActionGame;
			productReference = A23B325219C188C5003F7E27 /* ActionGame.app */;
			productType = "com.apple.product-type.application";
		};
		A23B326619C188C5003F7E27 /* ActionGameTests */ = {
			isa = PBXNativeTarget;
			buildConfigurationList = A23B327419C188C5003F7E27 /* Build configuration list for PBXNativeTarget "ActionGameTests" */;
			buildPhases = (
				A23B326319C188C5003F7E27 /* Sources */,
				A23B326419C188C5003F7E27 /* Frameworks */,
				A23B326519C188C5003F7E27 /* Resources */,
			);
			buildRules = (
			);
			dependencies = (
				A23B326919C188C5003F7E27 /* PBXTargetDependency */,
			);
			name = ActionGameTests;
			productName = ActionGameTests;
			productReference = A23B326719C188C5003F7E27 /* ActionGameTests.xctest */;
			productType = "com.apple.product-type.bundle.unit-test";
		};
/* End PBXNativeTarget section */

/* Begin PBXProject section */
		A23B324A19C188C5003F7E27 /* Project object */ = {
			isa = PBXProject;
			attributes = {
				LastUpgradeCheck = 0600;
				ORGANIZATIONNAME = npaka;
				TargetAttributes = {
					A23B325119C188C5003F7E27 = {
						CreatedOnToolsVersion = 6.0;
					};
					A23B326619C188C5003F7E27 = {
						CreatedOnToolsVersion = 6.0;
						TestTargetID = A23B325119C188C5003F7E27;
					};
				};
			};
			buildConfigurationList = A23B324D19C188C5003F7E27 /* Build configuration list for PBXProject "ActionGame" */;
			compatibilityVersion = "Xcode 3.2";
			developmentRegion = English;
			hasScannedForEncodings = 0;
			knownRegions = (
				en,
				Base,
			);
			mainGroup = A23B324919C188C5003F7E27;
			productRefGroup = A23B325319C188C5003F7E27 /* Products */;
			projectDirPath = "";
			projectRoot = "";
			targets = (
				A23B325119C188C5003F7E27 /* ActionGame */,
				A23B326619C188C5003F7E27 /* ActionGameTests */,
			);
		};
/* End PBXProject section */

/* Begin PBXResourcesBuildPhase section */
		A23B325019C188C5003F7E27 /* Resources */ = {
			isa = PBXResourcesBuildPhase;
			buildActionMask = 2147483647;
			files = (
				A23B325D19C188C5003F7E27 /* Main.storyboard in Resources */,
				A22F167519C2BC9600864146 /* act3@3x.png in Resources */,
				A22F167019C2BC9600864146 /* act2.png in Resources */,
				A22F166E19C2BC9600864146 /* act1@2x.png in Resources */,
				A22F167419C2BC9600864146 /* act3@2x.png in Resources */,
				A22F166D19C2BC9600864146 /* act1.png in Resources */,
				A22F166C19C2BC9600864146 /* act0@3x.png in Resources */,
				A22F166F19C2BC9600864146 /* act1@3x.png in Resources */,
				A23B326219C188C5003F7E27 /* LaunchScreen.xib in Resources */,
				A22F167219C2BC9600864146 /* act2@3x.png in Resources */,
				A22F167319C2BC9600864146 /* act3.png in Resources */,
				A23B325F19C188C5003F7E27 /* Images.xcassets in Resources */,
				A22F166B19C2BC9600864146 /* act0@2x.png in Resources */,
				A22F167119C2BC9600864146 /* act2@2x.png in Resources */,
				A22F166A19C2BC9600864146 /* act0.png in Resources */,
			);
			runOnlyForDeploymentPostprocessing = 0;
		};
		A23B326519C188C5003F7E27 /* Resources */ = {
			isa = PBXResourcesBuildPhase;
			buildActionMask = 2147483647;
			files = (
			);
			runOnlyForDeploymentPostprocessing = 0;
		};
/* End PBXResourcesBuildPhase section */

/* Begin PBXSourcesBuildPhase section */
		A23B324E19C188C5003F7E27 /* Sources */ = {
			isa = PBXSourcesBuildPhase;
			buildActionMask = 2147483647;
			files = (
				A22F167819C2BCF600864146 /* ActionView.swift in Sources */,
				A23B325A19C188C5003F7E27 /* ViewController.swift in Sources */,
				A22F167919C2BCF600864146 /* Graphics.swift in Sources */,
				A23B325819C188C5003F7E27 /* AppDelegate.swift in Sources */,
			);
			runOnlyForDeploymentPostprocessing = 0;
		};
		A23B326319C188C5003F7E27 /* Sources */ = {
			isa = PBXSourcesBuildPhase;
			buildActionMask = 2147483647;
			files = (
				A23B326E19C188C5003F7E27 /* ActionGameTests.swift in Sources */,
			);
			runOnlyForDeploymentPostprocessing = 0;
		};
/* End PBXSourcesBuildPhase section */

/* Begin PBXTargetDependency section */
		A23B326919C188C5003F7E27 /* PBXTargetDependency */ = {
			isa = PBXTargetDependency;
			target = A23B325119C188C5003F7E27 /* ActionGame */;
			targetProxy = A23B326819C188C5003F7E27 /* PBXContainerItemProxy */;
		};
/* End PBXTargetDependency section */

/* Begin PBXVariantGroup section */
		A23B325B19C188C5003F7E27 /* Main.storyboard */ = {
			isa = PBXVariantGroup;
			children = (
				A23B325C19C188C5003F7E27 /* Base */,
			);
			name = Main.storyboard;
			sourceTree = "<group>";
		};
		A23B326019C188C5003F7E27 /* LaunchScreen.xib */ = {
			isa = PBXVariantGroup;
			children = (
				A23B326119C188C5003F7E27 /* Base */,
			);
			name = LaunchScreen.xib;
			sourceTree = "<group>";
		};
/* End PBXVariantGroup section */

/* Begin XCBuildConfiguration section */
		A23B326F19C188C5003F7E27 /* Debug */ = {
			isa = XCBuildConfiguration;
			buildSettings = {
				ALWAYS_SEARCH_USER_PATHS = NO;
				CLANG_CXX_LANGUAGE_STANDARD = "gnu++0x";
				CLANG_CXX_LIBRARY = "libc++";
				CLANG_ENABLE_MODULES = YES;
				CLANG_ENABLE_OBJC_ARC = YES;
				CLANG_WARN_BOOL_CONVERSION = YES;
				CLANG_WARN_CONSTANT_CONVERSION = YES;
				CLANG_WARN_DIRECT_OBJC_ISA_USAGE = YES_ERROR;
				CLANG_WARN_EMPTY_BODY = YES;
				CLANG_WARN_ENUM_CONVERSION = YES;
				CLANG_WARN_INT_CONVERSION = YES;
				CLANG_WARN_OBJC_ROOT_CLASS = YES_ERROR;
				CLANG_WARN_UNREACHABLE_CODE = YES;
				CLANG_WARN__DUPLICATE_METHOD_MATCH = YES;
				"CODE_SIGN_IDENTITY[sdk=iphoneos*]" = "iPhone Developer";
				COPY_PHASE_STRIP = NO;
				ENABLE_STRICT_OBJC_MSGSEND = YES;
				GCC_C_LANGUAGE_STANDARD = gnu99;
				GCC_DYNAMIC_NO_PIC = NO;
				GCC_OPTIMIZATION_LEVEL = 0;
				GCC_PREPROCESSOR_DEFINITIONS = (
					"DEBUG=1",
					"$(inherited)",
				);
				GCC_SYMBOLS_PRIVATE_EXTERN = NO;
				GCC_WARN_64_TO_32_BIT_CONVERSION = YES;
				GCC_WARN_ABOUT_RETURN_TYPE = YES_ERROR;
				GCC_WARN_UNDECLARED_SELECTOR = YES;
				GCC_WARN_UNINITIALIZED_AUTOS = YES_AGGRESSIVE;
				GCC_WARN_UNUSED_FUNCTION = YES;
				GCC_WARN_UNUSED_VARIABLE = YES;
				IPHONEOS_DEPLOYMENT_TARGET = 8.0;
				MTL_ENABLE_DEBUG_INFO = YES;
				ONLY_ACTIVE_ARCH = YES;
				SDKROOT = iphoneos;
				SWIFT_OPTIMIZATION_LEVEL = "-Onone";
				TARGETED_DEVICE_FAMILY = "1,2";
			};
			name = Debug;
		};
		A23B327019C188C5003F7E27 /* Release */ = {
			isa = XCBuildConfiguration;
			buildSettings = {
				ALWAYS_SEARCH_USER_PATHS = NO;
				CLANG_CXX_LANGUAGE_STANDARD = "gnu++0x";
				CLANG_CXX_LIBRARY = "libc++";
				CLANG_ENABLE_MODULES = YES;
				CLANG_ENABLE_OBJC_ARC = YES;
				CLANG_WARN_BOOL_CONVERSION = YES;
				CLANG_WARN_CONSTANT_CONVERSION = YES;
				CLANG_WARN_DIRECT_OBJC_ISA_USAGE = YES_ERROR;
				CLANG_WARN_EMPTY_BODY = YES;
				CLANG_WARN_ENUM_CONVERSION = YES;
				CLANG_WARN_INT_CONVERSION = YES;
				CLANG_WARN_OBJC_ROOT_CLASS = YES_ERROR;
				CLANG_WARN_UNREACHABLE_CODE = YES;
				CLANG_WARN__DUPLICATE_METHOD_MATCH = YES;
				"CODE_SIGN_IDENTITY[sdk=iphoneos*]" = "iPhone Developer";
				COPY_PHASE_STRIP = YES;
				ENABLE_NS_ASSERTIONS = NO;
				ENABLE_STRICT_OBJC_MSGSEND = YES;
				GCC_C_LANGUAGE_STANDARD = gnu99;
				GCC_WARN_64_TO_32_BIT_CONVERSION = YES;
				GCC_WARN_ABOUT_RETURN_TYPE = YES_ERROR;
				GCC_WARN_UNDECLARED_SELECTOR = YES;
				GCC_WARN_UNINITIALIZED_AUTOS = YES_AGGRESSIVE;
				GCC_WARN_UNUSED_FUNCTION = YES;
				GCC_WARN_UNUSED_VARIABLE = YES;
				IPHONEOS_DEPLOYMENT_TARGET = 8.0;
				MTL_ENABLE_DEBUG_INFO = NO;
				SDKROOT = iphoneos;
				TARGETED_DEVICE_FAMILY = "1,2";
				VALIDATE_PRODUCT = YES;
			};
			name = Release;
		};
		A23B327219C188C5003F7E27 /* Debug */ = {
			isa = XCBuildConfiguration;
			buildSettings = {
				ASSETCATALOG_COMPILER_APPICON_NAME = AppIcon;
				INFOPLIST_FILE = ActionGame/Info.plist;
				LD_RUNPATH_SEARCH_PATHS = "$(inherited) @executable_path/Frameworks";
				PRODUCT_NAME = "$(TARGET_NAME)";
			};
			name = Debug;
		};
		A23B327319C188C5003F7E27 /* Release */ = {
			isa = XCBuildConfiguration;
			buildSettings = {
				ASSETCATALOG_COMPILER_APPICON_NAME = AppIcon;
				INFOPLIST_FILE = ActionGame/Info.plist;
				LD_RUNPATH_SEARCH_PATHS = "$(inherited) @executable_path/Frameworks";
				PRODUCT_NAME = "$(TARGET_NAME)";
			};
			name = Release;
		};
		A23B327519C188C5003F7E27 /* Debug */ = {
			isa = XCBuildConfiguration;
			buildSettings = {
				BUNDLE_LOADER = "$(TEST_HOST)";
				FRAMEWORK_SEARCH_PATHS = (
					"$(SDKROOT)/Developer/Library/Frameworks",
					"$(inherited)",
				);
				GCC_PREPROCESSOR_DEFINITIONS = (
					"DEBUG=1",
					"$(inherited)",
				);
				INFOPLIST_FILE = ActionGameTests/Info.plist;
				LD_RUNPATH_SEARCH_PATHS = "$(inherited) @executable_path/Frameworks @loader_path/Frameworks";
				PRODUCT_NAME = "$(TARGET_NAME)";
				TEST_HOST = "$(BUILT_PRODUCTS_DIR)/ActionGame.app/ActionGame";
			};
			name = Debug;
		};
		A23B327619C188C5003F7E27 /* Release */ = {
			isa = XCBuildConfiguration;
			buildSettings = {
				BUNDLE_LOADER = "$(TEST_HOST)";
				FRAMEWORK_SEARCH_PATHS = (
					"$(SDKROOT)/Developer/Library/Frameworks",
					"$(inherited)",
				);
				INFOPLIST_FILE = ActionGameTests/Info.plist;
				LD_RUNPATH_SEARCH_PATHS = "$(inherited) @executable_path/Frameworks @loader_path/Frameworks";
				PRODUCT_NAME = "$(TARGET_NAME)";
				TEST_HOST = "$(BUILT_PRODUCTS_DIR)/ActionGame.app/ActionGame";
			};
			name = Release;
		};
/* End XCBuildConfiguration section */

/* Begin XCConfigurationList section */
		A23B324D19C188C5003F7E27 /* Build configuration list for PBXProject "ActionGame" */ = {
			isa = XCConfigurationList;
			buildConfigurations = (
				A23B326F19C188C5003F7E27 /* Debug */,
				A23B327019C188C5003F7E27 /* Release */,
			);
			defaultConfigurationIsVisible = 0;
			defaultConfigurationName = Release;
		};
		A23B327119C188C5003F7E27 /* Build configuration list for PBXNativeTarget "ActionGame" */ = {
			isa = XCConfigurationList;
			buildConfigurations = (
				A23B327219C188C5003F7E27 /* Debug */,
				A23B327319C188C5003F7E27 /* Release */,
			);
			defaultConfigurationIsVisible = 0;
			defaultConfigurationName = Release;
		};
		A23B327419C188C5003F7E27 /* Build configuration list for PBXNativeTarget "ActionGameTests" */ = {
			isa = XCConfigurationList;
			buildConfigurations = (
				A23B327519C188C5003F7E27 /* Debug */,
				A23B327619C188C5003F7E27 /* Release */,
			);
			defaultConfigurationIsVisible = 0;
			defaultConfigurationName = Release;
		};
/* End XCConfigurationList section */
	};
	rootObject = A23B324A19C188C5003F7E27 /* Project object */;
}
